
Microsoft Visual Studio Solution File, Format Version 12.00
# Visual Studio Version 16
VisualStudioVersion = 16.0.36324.18
MinimumVisualStudioVersion = 10.0.40219.1
Project("{FAE04EC0-301F-11D3-BF4B-00C04F79EFBC}") = "WebChemistry.Tunnels.Core", "WebChemistry.Tunnels.Core\WebChemistry.Tunnels.Core.csproj", "{5354BF1A-59C0-40F6-91CB-6611F2F3BF28}"
EndProject
Project("{FAE04EC0-301F-11D3-BF4B-00C04F79EFBC}") = "WebChemistry.Tunnels.Server", "WebChemistry.Tunnels.Server\WebChemistry.Tunnels.Server.csproj", "{B30221F3-F54E-4B71-A634-816E1CAECA7B}"
	ProjectSection(ProjectDependencies) = postProject
		{5354BF1A-59C0-40F6-91CB-6611F2F3BF28} = {5354BF1A-59C0-40F6-91CB-6611F2F3BF28}
	EndProjectSection
EndProject
Global
	GlobalSection(SolutionConfigurationPlatforms) = preSolution
		Debug|Any CPU = Debug|Any CPU
		Debug|Mixed Platforms = Debug|Mixed Platforms
		Debug|x86 = Debug|x86
		Release|Any CPU = Release|Any CPU
		Release|Mixed Platforms = Release|Mixed Platforms
		Release|x86 = Release|x86
	EndGlobalSection
	GlobalSection(ProjectConfigurationPlatforms) = postSolution
		{5354BF1A-59C0-40F6-91CB-6611F2F3BF28}.Debug|Any CPU.ActiveCfg = Debug|Any CPU
		{5354BF1A-59C0-40F6-91CB-6611F2F3BF28}.Debug|Any CPU.Build.0 = Debug|Any CPU
		{5354BF1A-59C0-40F6-91CB-6611F2F3BF28}.Debug|Mixed Platforms.ActiveCfg = Debug|Any CPU
		{5354BF1A-59C0-40F6-91CB-6611F2F3BF28}.Debug|Mixed Platforms.Build.0 = Debug|Any CPU
		{5354BF1A-59C0-40F6-91CB-6611F2F3BF28}.Debug|x86.ActiveCfg = Debug|Any CPU
		{5354BF1A-59C0-40F6-91CB-6611F2F3BF28}.Release|Any CPU.ActiveCfg = Release|Any CPU
		{5354BF1A-59C0-40F6-91CB-6611F2F3BF28}.Release|Any CPU.Build.0 = Release|Any CPU
		{5354BF1A-59C0-40F6-91CB-6611F2F3BF28}.Release|Mixed Platforms.ActiveCfg = Release|Any CPU
		{5354BF1A-59C0-40F6-91CB-6611F2F3BF28}.Release|Mixed Platforms.Build.0 = Release|Any CPU
		{5354BF1A-59C0-40F6-91CB-6611F2F3BF28}.Release|x86.ActiveCfg = Release|Any CPU
		{B30221F3-F54E-4B71-A634-816E1CAECA7B}.Debug|Any CPU.ActiveCfg = Debug|Any CPU
		{B30221F3-F54E-4B71-A634-816E1CAECA7B}.Debug|Any CPU.Build.0 = Debug|Any CPU
		{B30221F3-F54E-4B71-A634-816E1CAECA7B}.Debug|Mixed Platforms.ActiveCfg = Debug|Any CPU
		{B30221F3-F54E-4B71-A634-816E1CAECA7B}.Debug|Mixed Platforms.Build.0 = Debug|Any CPU
		{B30221F3-F54E-4B71-A634-816E1CAECA7B}.Debug|x86.ActiveCfg = Debug|Any CPU
		{B30221F3-F54E-4B71-A634-816E1CAECA7B}.Release|Any CPU.ActiveCfg = Release|Any CPU
		{B30221F3-F54E-4B71-A634-816E1CAECA7B}.Release|Any CPU.Build.0 = Release|Any CPU
		{B30221F3-F54E-4B71-A634-816E1CAECA7B}.Release|Mixed Platforms.ActiveCfg = Release|Any CPU
		{B30221F3-F54E-4B71-A634-816E1CAECA7B}.Release|Mixed Platforms.Build.0 = Release|Any CPU
		{B30221F3-F54E-4B71-A634-816E1CAECA7B}.Release|x86.ActiveCfg = Release|Any CPU
	EndGlobalSection
	GlobalSection(SolutionProperties) = preSolution
		HideSolutionNode = FALSE
	EndGlobalSection
	GlobalSection(ExtensibilityGlobals) = postSolution
		SolutionGuid = {A69552A5-1891-4268-BDFF-239CF082625B}
	EndGlobalSection
	GlobalSection(SubversionScc) = preSolution
		Svn-Managed = True
		Manager = AnkhSVN - Subversion Support for Visual Studio
	EndGlobalSection
EndGlobal
